
Microsoft Visual Studio Solution File, Format Version 12.00
# Visual Studio Version 16
VisualStudioVersion = 16.0.31424.327
MinimumVisualStudioVersion = 10.0.40219.1
Project("{8BC9CEB8-8B4A-11D0-8D11-00A0C91BC942}") = "SK-Lib-cmath-fdim-Bagian3__CPP", "SK-Lib-cmath-fdim-Bagian3__CPP\SK-Lib-cmath-fdim-Bagian3__CPP.vcxproj", "{6B0EC9BA-4A0E-4241-8278-96E42FF4213E}"
EndProject
Global
	GlobalSection(SolutionConfigurationPlatforms) = preSolution
		Debug|x64 = Debug|x64
		Debug|x86 = Debug|x86
		Release|x64 = Release|x64
		Release|x86 = Release|x86
	EndGlobalSection
	GlobalSection(ProjectConfigurationPlatforms) = postSolution
		{6B0EC9BA-4A0E-4241-8278-96E42FF4213E}.Debug|x64.ActiveCfg = Debug|x64
		{6B0EC9BA-4A0E-4241-8278-96E42FF4213E}.Debug|x64.Build.0 = Debug|x64
		{6B0EC9BA-4A0E-4241-8278-96E42FF4213E}.Debug|x86.ActiveCfg = Debug|Win32
		{6B0EC9BA-4A0E-4241-8278-96E42FF4213E}.Debug|x86.Build.0 = Debug|Win32
		{6B0EC9BA-4A0E-4241-8278-96E42FF4213E}.Release|x64.ActiveCfg = Release|x64
		{6B0EC9BA-4A0E-4241-8278-96E42FF4213E}.Release|x64.Build.0 = Release|x64
		{6B0EC9BA-4A0E-4241-8278-96E42FF4213E}.Release|x86.ActiveCfg = Release|Win32
		{6B0EC9BA-4A0E-4241-8278-96E42FF4213E}.Release|x86.Build.0 = Release|Win32
	EndGlobalSection
	GlobalSection(SolutionProperties) = preSolution
		HideSolutionNode = FALSE
	EndGlobalSection
	GlobalSection(ExtensibilityGlobals) = postSolution
		SolutionGuid = {65025F02-E754-42AD-BEAD-E5A6EA753C5D}
	EndGlobalSection
EndGlobal
